
Microsoft Visual Studio Solution File, Format Version 12.00
# Visual Studio 15
VisualStudioVersion = 15.0.26430.6
MinimumVisualStudioVersion = 10.0.40219.1
Project("{9A19103F-16F7-4668-BE54-9A1E7A4F7556}") = "NetMQ.ReactiveExtensions", "NetMQ.ReactiveExtensions\NetMQ.ReactiveExtensions.csproj", "{54E1CED1-8F98-4732-AA87-D2457DC8C519}"
EndProject
Project("{9A19103F-16F7-4668-BE54-9A1E7A4F7556}") = "NetMQ.ReactiveExtensions.SamplePublisher", "NetMQ.ReactiveExtensions.SamplePublisher\NetMQ.ReactiveExtensions.SamplePublisher.csproj", "{3831C7BD-752F-48FB-9474-A86DD8607BE9}"
EndProject
Project("{9A19103F-16F7-4668-BE54-9A1E7A4F7556}") = "NetMQ.ReactiveExtensions.SampleSubscriber", "NetMQ.ReactiveExtensions.SampleSubscriber\NetMQ.ReactiveExtensions.SampleSubscriber.csproj", "{46496958-08C9-4353-90D8-4A2D3C99A424}"
EndProject
Project("{9A19103F-16F7-4668-BE54-9A1E7A4F7556}") = "NetMQ.ReactiveExtensions.Tests", "NetMQ.ReactiveExtensions.Tests\NetMQ.ReactiveExtensions.Tests.csproj", "{87972E55-223B-4B4A-BD5C-6E199139F749}"
EndProject
Project("{FAE04EC0-301F-11D3-BF4B-00C04F79EFBC}") = "NetMQ.Rx.ProtoBuf", "NetMQ.Rx.ProtoBuf\NetMQ.Rx.ProtoBuf.csproj", "{525D49F5-CEB4-42CD-A2CF-8194E8931805}"
EndProject
Global
	GlobalSection(SolutionConfigurationPlatforms) = preSolution
		Debug|Any CPU = Debug|Any CPU
		Release|Any CPU = Release|Any CPU
	EndGlobalSection
	GlobalSection(ProjectConfigurationPlatforms) = postSolution
		{54E1CED1-8F98-4732-AA87-D2457DC8C519}.Debug|Any CPU.ActiveCfg = Debug|Any CPU
		{54E1CED1-8F98-4732-AA87-D2457DC8C519}.Debug|Any CPU.Build.0 = Debug|Any CPU
		{54E1CED1-8F98-4732-AA87-D2457DC8C519}.Release|Any CPU.ActiveCfg = Release|Any CPU
		{54E1CED1-8F98-4732-AA87-D2457DC8C519}.Release|Any CPU.Build.0 = Release|Any CPU
		{3831C7BD-752F-48FB-9474-A86DD8607BE9}.Debug|Any CPU.ActiveCfg = Debug|Any CPU
		{3831C7BD-752F-48FB-9474-A86DD8607BE9}.Debug|Any CPU.Build.0 = Debug|Any CPU
		{3831C7BD-752F-48FB-9474-A86DD8607BE9}.Release|Any CPU.ActiveCfg = Release|Any CPU
		{3831C7BD-752F-48FB-9474-A86DD8607BE9}.Release|Any CPU.Build.0 = Release|Any CPU
		{46496958-08C9-4353-90D8-4A2D3C99A424}.Debug|Any CPU.ActiveCfg = Debug|Any CPU
		{46496958-08C9-4353-90D8-4A2D3C99A424}.Debug|Any CPU.Build.0 = Debug|Any CPU
		{46496958-08C9-4353-90D8-4A2D3C99A424}.Release|Any CPU.ActiveCfg = Release|Any CPU
		{46496958-08C9-4353-90D8-4A2D3C99A424}.Release|Any CPU.Build.0 = Release|Any CPU
		{87972E55-223B-4B4A-BD5C-6E199139F749}.Debug|Any CPU.ActiveCfg = Debug|Any CPU
		{87972E55-223B-4B4A-BD5C-6E199139F749}.Debug|Any CPU.Build.0 = Debug|Any CPU
		{87972E55-223B-4B4A-BD5C-6E199139F749}.Release|Any CPU.ActiveCfg = Release|Any CPU
		{87972E55-223B-4B4A-BD5C-6E199139F749}.Release|Any CPU.Build.0 = Release|Any CPU
		{525D49F5-CEB4-42CD-A2CF-8194E8931805}.Debug|Any CPU.ActiveCfg = Debug|Any CPU
		{525D49F5-CEB4-42CD-A2CF-8194E8931805}.Debug|Any CPU.Build.0 = Debug|Any CPU
		{525D49F5-CEB4-42CD-A2CF-8194E8931805}.Release|Any CPU.ActiveCfg = Release|Any CPU
		{525D49F5-CEB4-42CD-A2CF-8194E8931805}.Release|Any CPU.Build.0 = Release|Any CPU
	EndGlobalSection
	GlobalSection(SolutionProperties) = preSolution
		HideSolutionNode = FALSE
	EndGlobalSection
EndGlobal
